{
  "version": 4,
  "terraform_version": "1.9.3",
  "serial": 12,
  "lineage": "abe4ad7f-07fc-00eb-ff9d-233bf07e9f9b",
  "outputs": {},
  "resources": [
    {
      "mode": "managed",
      "type": "spotify_playlist",
      "name": "My_fav",
      "provider": "provider[\"registry.terraform.io/conradludgate/spotify\"]",
      "instances": [
        {
          "schema_version": 0,
          "attributes": {
            "description": null,
            "id": "0iPdTaps7qp8cIvKMtoev6",
            "name": "My_fav",
            "public": true,
            "snapshot_id": "AAAAAu9q3z3tLvotEyFFs6KCm8oXSCAP",
            "tracks": [
              "0BV1m2cWIBUmFpO3DhkvJN"
            ]
          },
          "sensitive_attributes": [],
          "private": "bnVsbA=="
        }
      ]
    }
  ],
  "check_results": null
}
